// !$*UTF8*$!
{
	archiveVersion = 1;
	classes = {
	};
	objectVersion = 56;
	objects = {

/* Begin PBXBuildFile section */
		81A9092C2C3AE40C0053BFC8 /* iVictoryApp.swift in Sources */ = {isa = PBXBuildFile; fileRef = 81A9092B2C3AE40C0053BFC8 /* iVictoryApp.swift */; };
		81A909302C3AE40E0053BFC8 /* Assets.xcassets in Resources */ = {isa = PBXBuildFile; fileRef = 81A9092F2C3AE40E0053BFC8 /* Assets.xcassets */; };
		81A909332C3AE40E0053BFC8 /* Preview Assets.xcassets in Resources */ = {isa = PBXBuildFile; fileRef = 81A909322C3AE40E0053BFC8 /* Preview Assets.xcassets */; };
		81A9093A2C3AE6D80053BFC8 /* GoogleService-Info.plist in Resources */ = {isa = PBXBuildFile; fileRef = 81A909392C3AE6D70053BFC8 /* GoogleService-Info.plist */; };
		81A9093D2C3AE7C30053BFC8 /* FirebaseAuth in Frameworks */ = {isa = PBXBuildFile; productRef = 81A9093C2C3AE7C30053BFC8 /* FirebaseAuth */; };
		81A9093F2C3AE7C30053BFC8 /* FirebaseFirestore in Frameworks */ = {isa = PBXBuildFile; productRef = 81A9093E2C3AE7C30053BFC8 /* FirebaseFirestore */; };
		81A909412C3AE7C30053BFC8 /* FirebaseFirestoreSwift in Frameworks */ = {isa = PBXBuildFile; productRef = 81A909402C3AE7C30053BFC8 /* FirebaseFirestoreSwift */; };
		81A909432C3AE7C30053BFC8 /* FirebaseStorage in Frameworks */ = {isa = PBXBuildFile; productRef = 81A909422C3AE7C30053BFC8 /* FirebaseStorage */; };
		81A909452C3AE8160053BFC8 /* Player.swift in Sources */ = {isa = PBXBuildFile; fileRef = 81A909442C3AE8160053BFC8 /* Player.swift */; };
		81A909532C3AE90E0053BFC8 /* AuthViewModel.swift in Sources */ = {isa = PBXBuildFile; fileRef = 81A9094F2C3AE90E0053BFC8 /* AuthViewModel.swift */; };
		81A909542C3AE90E0053BFC8 /* ContentViewModel.swift in Sources */ = {isa = PBXBuildFile; fileRef = 81A909502C3AE90E0053BFC8 /* ContentViewModel.swift */; };
		81A909552C3AE90E0053BFC8 /* MainMenuViewModel.swift in Sources */ = {isa = PBXBuildFile; fileRef = 81A909512C3AE90E0053BFC8 /* MainMenuViewModel.swift */; };
		81A909582C3AE92F0053BFC8 /* AuthService.swift in Sources */ = {isa = PBXBuildFile; fileRef = 81A909562C3AE92F0053BFC8 /* AuthService.swift */; };
		81A9095F2C3AED8E0053BFC8 /* ContentView.swift in Sources */ = {isa = PBXBuildFile; fileRef = 81A9095E2C3AED8E0053BFC8 /* ContentView.swift */; };
		81A909612C3AEDB70053BFC8 /* AuthView.swift in Sources */ = {isa = PBXBuildFile; fileRef = 81A909602C3AEDB70053BFC8 /* AuthView.swift */; };
		81A909632C3AEE400053BFC8 /* MainMenuView.swift in Sources */ = {isa = PBXBuildFile; fileRef = 81A909622C3AEE400053BFC8 /* MainMenuView.swift */; };
/* End PBXBuildFile section */

/* Begin PBXFileReference section */
		81A909282C3AE40C0053BFC8 /* iVictory.app */ = {isa = PBXFileReference; explicitFileType = wrapper.application; includeInIndex = 0; path = iVictory.app; sourceTree = BUILT_PRODUCTS_DIR; };
		81A9092B2C3AE40C0053BFC8 /* iVictoryApp.swift */ = {isa = PBXFileReference; lastKnownFileType = sourcecode.swift; path = iVictoryApp.swift; sourceTree = "<group>"; };
		81A9092F2C3AE40E0053BFC8 /* Assets.xcassets */ = {isa = PBXFileReference; lastKnownFileType = folder.assetcatalog; path = Assets.xcassets; sourceTree = "<group>"; };
		81A909322C3AE40E0053BFC8 /* Preview Assets.xcassets */ = {isa = PBXFileReference; lastKnownFileType = folder.assetcatalog; path = "Preview Assets.xcassets"; sourceTree = "<group>"; };
		81A909392C3AE6D70053BFC8 /* GoogleService-Info.plist */ = {isa = PBXFileReference; fileEncoding = 4; lastKnownFileType = text.plist.xml; path = "GoogleService-Info.plist"; sourceTree = "<group>"; };
		81A909442C3AE8160053BFC8 /* Player.swift */ = {isa = PBXFileReference; fileEncoding = 4; lastKnownFileType = sourcecode.swift; path = Player.swift; sourceTree = "<group>"; };
		81A9094F2C3AE90E0053BFC8 /* AuthViewModel.swift */ = {isa = PBXFileReference; fileEncoding = 4; lastKnownFileType = sourcecode.swift; path = AuthViewModel.swift; sourceTree = "<group>"; };
		81A909502C3AE90E0053BFC8 /* ContentViewModel.swift */ = {isa = PBXFileReference; fileEncoding = 4; lastKnownFileType = sourcecode.swift; path = ContentViewModel.swift; sourceTree = "<group>"; };
		81A909512C3AE90E0053BFC8 /* MainMenuViewModel.swift */ = {isa = PBXFileReference; fileEncoding = 4; lastKnownFileType = sourcecode.swift; path = MainMenuViewModel.swift; sourceTree = "<group>"; };
		81A909562C3AE92F0053BFC8 /* AuthService.swift */ = {isa = PBXFileReference; fileEncoding = 4; lastKnownFileType = sourcecode.swift; path = AuthService.swift; sourceTree = "<group>"; };
		81A9095E2C3AED8E0053BFC8 /* ContentView.swift */ = {isa = PBXFileReference; lastKnownFileType = sourcecode.swift; path = ContentView.swift; sourceTree = "<group>"; };
		81A909602C3AEDB70053BFC8 /* AuthView.swift */ = {isa = PBXFileReference; lastKnownFileType = sourcecode.swift; path = AuthView.swift; sourceTree = "<group>"; };
		81A909622C3AEE400053BFC8 /* MainMenuView.swift */ = {isa = PBXFileReference; lastKnownFileType = sourcecode.swift; path = MainMenuView.swift; sourceTree = "<group>"; };
/* End PBXFileReference section */

/* Begin PBXFrameworksBuildPhase section */
		81A909252C3AE40C0053BFC8 /* Frameworks */ = {
			isa = PBXFrameworksBuildPhase;
			buildActionMask = 2147483647;
			files = (
				81A9093D2C3AE7C30053BFC8 /* FirebaseAuth in Frameworks */,
				81A909432C3AE7C30053BFC8 /* FirebaseStorage in Frameworks */,
				81A9093F2C3AE7C30053BFC8 /* FirebaseFirestore in Frameworks */,
				81A909412C3AE7C30053BFC8 /* FirebaseFirestoreSwift in Frameworks */,
			);
			runOnlyForDeploymentPostprocessing = 0;
		};
/* End PBXFrameworksBuildPhase section */

/* Begin PBXGroup section */
		81A9091F2C3AE40C0053BFC8 = {
			isa = PBXGroup;
			children = (
				81A9092A2C3AE40C0053BFC8 /* iVictory */,
				81A909292C3AE40C0053BFC8 /* Products */,
			);
			sourceTree = "<group>";
		};
		81A909292C3AE40C0053BFC8 /* Products */ = {
			isa = PBXGroup;
			children = (
				81A909282C3AE40C0053BFC8 /* iVictory.app */,
			);
			name = Products;
			sourceTree = "<group>";
		};
		81A9092A2C3AE40C0053BFC8 /* iVictory */ = {
			isa = PBXGroup;
			children = (
				81A9092B2C3AE40C0053BFC8 /* iVictoryApp.swift */,
				81A909442C3AE8160053BFC8 /* Player.swift */,
				81A909462C3AE88E0053BFC8 /* View */,
				81A909522C3AE90E0053BFC8 /* ViewModel */,
				81A909572C3AE92F0053BFC8 /* Services */,
				81A9092F2C3AE40E0053BFC8 /* Assets.xcassets */,
				81A909392C3AE6D70053BFC8 /* GoogleService-Info.plist */,
				81A909312C3AE40E0053BFC8 /* Preview Content */,
			);
			path = iVictory;
			sourceTree = "<group>";
		};
		81A909312C3AE40E0053BFC8 /* Preview Content */ = {
			isa = PBXGroup;
			children = (
				81A909322C3AE40E0053BFC8 /* Preview Assets.xcassets */,
			);
			path = "Preview Content";
			sourceTree = "<group>";
		};
		81A909462C3AE88E0053BFC8 /* View */ = {
			isa = PBXGroup;
			children = (
				81A9095E2C3AED8E0053BFC8 /* ContentView.swift */,
				81A909602C3AEDB70053BFC8 /* AuthView.swift */,
				81A909622C3AEE400053BFC8 /* MainMenuView.swift */,
			);
			path = View;
			sourceTree = "<group>";
		};
		81A909522C3AE90E0053BFC8 /* ViewModel */ = {
			isa = PBXGroup;
			children = (
				81A9094F2C3AE90E0053BFC8 /* AuthViewModel.swift */,
				81A909502C3AE90E0053BFC8 /* ContentViewModel.swift */,
				81A909512C3AE90E0053BFC8 /* MainMenuViewModel.swift */,
			);
			path = ViewModel;
			sourceTree = "<group>";
		};
		81A909572C3AE92F0053BFC8 /* Services */ = {
			isa = PBXGroup;
			children = (
				81A909562C3AE92F0053BFC8 /* AuthService.swift */,
			);
			path = Services;
			sourceTree = "<group>";
		};
/* End PBXGroup section */

/* Begin PBXNativeTarget section */
		81A909272C3AE40C0053BFC8 /* iVictory */ = {
			isa = PBXNativeTarget;
			buildConfigurationList = 81A909362C3AE40E0053BFC8 /* Build configuration list for PBXNativeTarget "iVictory" */;
			buildPhases = (
				81A909242C3AE40C0053BFC8 /* Sources */,
				81A909252C3AE40C0053BFC8 /* Frameworks */,
				81A909262C3AE40C0053BFC8 /* Resources */,
			);
			buildRules = (
			);
			dependencies = (
			);
			name = iVictory;
			packageProductDependencies = (
				81A9093C2C3AE7C30053BFC8 /* FirebaseAuth */,
				81A9093E2C3AE7C30053BFC8 /* FirebaseFirestore */,
				81A909402C3AE7C30053BFC8 /* FirebaseFirestoreSwift */,
				81A909422C3AE7C30053BFC8 /* FirebaseStorage */,
			);
			productName = iVictory;
			productReference = 81A909282C3AE40C0053BFC8 /* iVictory.app */;
			productType = "com.apple.product-type.application";
		};
/* End PBXNativeTarget section */

/* Begin PBXProject section */
		81A909202C3AE40C0053BFC8 /* Project object */ = {
			isa = PBXProject;
			attributes = {
				BuildIndependentTargetsInParallel = 1;
				LastSwiftUpdateCheck = 1540;
				LastUpgradeCheck = 1540;
				TargetAttributes = {
					81A909272C3AE40C0053BFC8 = {
						CreatedOnToolsVersion = 15.4;
					};
				};
			};
			buildConfigurationList = 81A909232C3AE40C0053BFC8 /* Build configuration list for PBXProject "iVictory" */;
			compatibilityVersion = "Xcode 14.0";
			developmentRegion = en;
			hasScannedForEncodings = 0;
			knownRegions = (
				en,
				Base,
			);
			mainGroup = 81A9091F2C3AE40C0053BFC8;
			packageReferences = (
				81A9093B2C3AE7C30053BFC8 /* XCRemoteSwiftPackageReference "firebase-ios-sdk" */,
			);
			productRefGroup = 81A909292C3AE40C0053BFC8 /* Products */;
			projectDirPath = "";
			projectRoot = "";
			targets = (
				81A909272C3AE40C0053BFC8 /* iVictory */,
			);
		};
/* End PBXProject section */

/* Begin PBXResourcesBuildPhase section */
		81A909262C3AE40C0053BFC8 /* Resources */ = {
			isa = PBXResourcesBuildPhase;
			buildActionMask = 2147483647;
			files = (
				81A909332C3AE40E0053BFC8 /* Preview Assets.xcassets in Resources */,
				81A909302C3AE40E0053BFC8 /* Assets.xcassets in Resources */,
				81A9093A2C3AE6D80053BFC8 /* GoogleService-Info.plist in Resources */,
			);
			runOnlyForDeploymentPostprocessing = 0;
		};
/* End PBXResourcesBuildPhase section */

/* Begin PBXSourcesBuildPhase section */
		81A909242C3AE40C0053BFC8 /* Sources */ = {
			isa = PBXSourcesBuildPhase;
			buildActionMask = 2147483647;
			files = (
				81A909552C3AE90E0053BFC8 /* MainMenuViewModel.swift in Sources */,
				81A909582C3AE92F0053BFC8 /* AuthService.swift in Sources */,
				81A909532C3AE90E0053BFC8 /* AuthViewModel.swift in Sources */,
				81A909632C3AEE400053BFC8 /* MainMenuView.swift in Sources */,
				81A9095F2C3AED8E0053BFC8 /* ContentView.swift in Sources */,
				81A909542C3AE90E0053BFC8 /* ContentViewModel.swift in Sources */,
				81A909452C3AE8160053BFC8 /* Player.swift in Sources */,
				81A9092C2C3AE40C0053BFC8 /* iVictoryApp.swift in Sources */,
				81A909612C3AEDB70053BFC8 /* AuthView.swift in Sources */,
			);
			runOnlyForDeploymentPostprocessing = 0;
		};
/* End PBXSourcesBuildPhase section */

/* Begin XCBuildConfiguration section */
		81A909342C3AE40E0053BFC8 /* Debug */ = {
			isa = XCBuildConfiguration;
			buildSettings = {
				ALWAYS_SEARCH_USER_PATHS = NO;
				ASSETCATALOG_COMPILER_GENERATE_SWIFT_ASSET_SYMBOL_EXTENSIONS = YES;
				CLANG_ANALYZER_NONNULL = YES;
				CLANG_ANALYZER_NUMBER_OBJECT_CONVERSION = YES_AGGRESSIVE;
				CLANG_CXX_LANGUAGE_STANDARD = "gnu++20";
				CLANG_ENABLE_MODULES = YES;
				CLANG_ENABLE_OBJC_ARC = YES;
				CLANG_ENABLE_OBJC_WEAK = YES;
				CLANG_WARN_BLOCK_CAPTURE_AUTORELEASING = YES;
				CLANG_WARN_BOOL_CONVERSION = YES;
				CLANG_WARN_COMMA = YES;
				CLANG_WARN_CONSTANT_CONVERSION = YES;
				CLANG_WARN_DEPRECATED_OBJC_IMPLEMENTATIONS = YES;
				CLANG_WARN_DIRECT_OBJC_ISA_USAGE = YES_ERROR;
				CLANG_WARN_DOCUMENTATION_COMMENTS = YES;
				CLANG_WARN_EMPTY_BODY = YES;
				CLANG_WARN_ENUM_CONVERSION = YES;
				CLANG_WARN_INFINITE_RECURSION = YES;
				CLANG_WARN_INT_CONVERSION = YES;
				CLANG_WARN_NON_LITERAL_NULL_CONVERSION = YES;
				CLANG_WARN_OBJC_IMPLICIT_RETAIN_SELF = YES;
				CLANG_WARN_OBJC_LITERAL_CONVERSION = YES;
				CLANG_WARN_OBJC_ROOT_CLASS = YES_ERROR;
				CLANG_WARN_QUOTED_INCLUDE_IN_FRAMEWORK_HEADER = YES;
				CLANG_WARN_RANGE_LOOP_ANALYSIS = YES;
				CLANG_WARN_STRICT_PROTOTYPES = YES;
				CLANG_WARN_SUSPICIOUS_MOVE = YES;
				CLANG_WARN_UNGUARDED_AVAILABILITY = YES_AGGRESSIVE;
				CLANG_WARN_UNREACHABLE_CODE = YES;
				CLANG_WARN__DUPLICATE_METHOD_MATCH = YES;
				COPY_PHASE_STRIP = NO;
				DEBUG_INFORMATION_FORMAT = dwarf;
				ENABLE_STRICT_OBJC_MSGSEND = YES;
				ENABLE_TESTABILITY = YES;
				ENABLE_USER_SCRIPT_SANDBOXING = YES;
				GCC_C_LANGUAGE_STANDARD = gnu17;
				GCC_DYNAMIC_NO_PIC = NO;
				GCC_NO_COMMON_BLOCKS = YES;
				GCC_OPTIMIZATION_LEVEL = 0;
				GCC_PREPROCESSOR_DEFINITIONS = (
					"DEBUG=1",
					"$(inherited)",
				);
				GCC_WARN_64_TO_32_BIT_CONVERSION = YES;
				GCC_WARN_ABOUT_RETURN_TYPE = YES_ERROR;
				GCC_WARN_UNDECLARED_SELECTOR = YES;
				GCC_WARN_UNINITIALIZED_AUTOS = YES_AGGRESSIVE;
				GCC_WARN_UNUSED_FUNCTION = YES;
				GCC_WARN_UNUSED_VARIABLE = YES;
				IPHONEOS_DEPLOYMENT_TARGET = 17.5;
				LOCALIZATION_PREFERS_STRING_CATALOGS = YES;
				MTL_ENABLE_DEBUG_INFO = INCLUDE_SOURCE;
				MTL_FAST_MATH = YES;
				ONLY_ACTIVE_ARCH = YES;
				SDKROOT = iphoneos;
				SWIFT_ACTIVE_COMPILATION_CONDITIONS = "DEBUG $(inherited)";
				SWIFT_OPTIMIZATION_LEVEL = "-Onone";
			};
			name = Debug;
		};
		81A909352C3AE40E0053BFC8 /* Release */ = {
			isa = XCBuildConfiguration;
			buildSettings = {
				ALWAYS_SEARCH_USER_PATHS = NO;
				ASSETCATALOG_COMPILER_GENERATE_SWIFT_ASSET_SYMBOL_EXTENSIONS = YES;
				CLANG_ANALYZER_NONNULL = YES;
				CLANG_ANALYZER_NUMBER_OBJECT_CONVERSION = YES_AGGRESSIVE;
				CLANG_CXX_LANGUAGE_STANDARD = "gnu++20";
				CLANG_ENABLE_MODULES = YES;
				CLANG_ENABLE_OBJC_ARC = YES;
				CLANG_ENABLE_OBJC_WEAK = YES;
				CLANG_WARN_BLOCK_CAPTURE_AUTORELEASING = YES;
				CLANG_WARN_BOOL_CONVERSION = YES;
				CLANG_WARN_COMMA = YES;
				CLANG_WARN_CONSTANT_CONVERSION = YES;
				CLANG_WARN_DEPRECATED_OBJC_IMPLEMENTATIONS = YES;
				CLANG_WARN_DIRECT_OBJC_ISA_USAGE = YES_ERROR;
				CLANG_WARN_DOCUMENTATION_COMMENTS = YES;
				CLANG_WARN_EMPTY_BODY = YES;
				CLANG_WARN_ENUM_CONVERSION = YES;
				CLANG_WARN_INFINITE_RECURSION = YES;
				CLANG_WARN_INT_CONVERSION = YES;
				CLANG_WARN_NON_LITERAL_NULL_CONVERSION = YES;
				CLANG_WARN_OBJC_IMPLICIT_RETAIN_SELF = YES;
				CLANG_WARN_OBJC_LITERAL_CONVERSION = YES;
				CLANG_WARN_OBJC_ROOT_CLASS = YES_ERROR;
				CLANG_WARN_QUOTED_INCLUDE_IN_FRAMEWORK_HEADER = YES;
				CLANG_WARN_RANGE_LOOP_ANALYSIS = YES;
				CLANG_WARN_STRICT_PROTOTYPES = YES;
				CLANG_WARN_SUSPICIOUS_MOVE = YES;
				CLANG_WARN_UNGUARDED_AVAILABILITY = YES_AGGRESSIVE;
				CLANG_WARN_UNREACHABLE_CODE = YES;
				CLANG_WARN__DUPLICATE_METHOD_MATCH = YES;
				COPY_PHASE_STRIP = NO;
				DEBUG_INFORMATION_FORMAT = "dwarf-with-dsym";
				ENABLE_NS_ASSERTIONS = NO;
				ENABLE_STRICT_OBJC_MSGSEND = YES;
				ENABLE_USER_SCRIPT_SANDBOXING = YES;
				GCC_C_LANGUAGE_STANDARD = gnu17;
				GCC_NO_COMMON_BLOCKS = YES;
				GCC_WARN_64_TO_32_BIT_CONVERSION = YES;
				GCC_WARN_ABOUT_RETURN_TYPE = YES_ERROR;
				GCC_WARN_UNDECLARED_SELECTOR = YES;
				GCC_WARN_UNINITIALIZED_AUTOS = YES_AGGRESSIVE;
				GCC_WARN_UNUSED_FUNCTION = YES;
				GCC_WARN_UNUSED_VARIABLE = YES;
				IPHONEOS_DEPLOYMENT_TARGET = 17.5;
				LOCALIZATION_PREFERS_STRING_CATALOGS = YES;
				MTL_ENABLE_DEBUG_INFO = NO;
				MTL_FAST_MATH = YES;
				SDKROOT = iphoneos;
				SWIFT_COMPILATION_MODE = wholemodule;
				VALIDATE_PRODUCT = YES;
			};
			name = Release;
		};
		81A909372C3AE40E0053BFC8 /* Debug */ = {
			isa = XCBuildConfiguration;
			buildSettings = {
				ASSETCATALOG_COMPILER_APPICON_NAME = AppIcon;
				ASSETCATALOG_COMPILER_GLOBAL_ACCENT_COLOR_NAME = AccentColor;
				CODE_SIGN_STYLE = Automatic;
				CURRENT_PROJECT_VERSION = 1;
				DEVELOPMENT_ASSET_PATHS = "\"iVictory/Preview Content\"";
				DEVELOPMENT_TEAM = D7T3X3Y5K7;
				ENABLE_PREVIEWS = YES;
				GENERATE_INFOPLIST_FILE = YES;
				INFOPLIST_KEY_UIApplicationSceneManifest_Generation = YES;
				INFOPLIST_KEY_UIApplicationSupportsIndirectInputEvents = YES;
				INFOPLIST_KEY_UILaunchScreen_Generation = YES;
				INFOPLIST_KEY_UISupportedInterfaceOrientations_iPad = "UIInterfaceOrientationPortrait UIInterfaceOrientationPortraitUpsideDown UIInterfaceOrientationLandscapeLeft UIInterfaceOrientationLandscapeRight";
				INFOPLIST_KEY_UISupportedInterfaceOrientations_iPhone = "UIInterfaceOrientationPortrait UIInterfaceOrientationLandscapeLeft UIInterfaceOrientationLandscapeRight";
				LD_RUNPATH_SEARCH_PATHS = (
					"$(inherited)",
					"@executable_path/Frameworks",
				);
				MARKETING_VERSION = 1.0;
				PRODUCT_BUNDLE_IDENTIFIER = com.artkamadi.iVictory;
				PRODUCT_NAME = "$(TARGET_NAME)";
				SWIFT_EMIT_LOC_STRINGS = YES;
				SWIFT_VERSION = 5.0;
				TARGETED_DEVICE_FAMILY = "1,2";
			};
			name = Debug;
		};
		81A909382C3AE40E0053BFC8 /* Release */ = {
			isa = XCBuildConfiguration;
			buildSettings = {
				ASSETCATALOG_COMPILER_APPICON_NAME = AppIcon;
				ASSETCATALOG_COMPILER_GLOBAL_ACCENT_COLOR_NAME = AccentColor;
				CODE_SIGN_STYLE = Automatic;
				CURRENT_PROJECT_VERSION = 1;
				DEVELOPMENT_ASSET_PATHS = "\"iVictory/Preview Content\"";
				DEVELOPMENT_TEAM = D7T3X3Y5K7;
				ENABLE_PREVIEWS = YES;
				GENERATE_INFOPLIST_FILE = YES;
				INFOPLIST_KEY_UIApplicationSceneManifest_Generation = YES;
				INFOPLIST_KEY_UIApplicationSupportsIndirectInputEvents = YES;
				INFOPLIST_KEY_UILaunchScreen_Generation = YES;
				INFOPLIST_KEY_UISupportedInterfaceOrientations_iPad = "UIInterfaceOrientationPortrait UIInterfaceOrientationPortraitUpsideDown UIInterfaceOrientationLandscapeLeft UIInterfaceOrientationLandscapeRight";
				INFOPLIST_KEY_UISupportedInterfaceOrientations_iPhone = "UIInterfaceOrientationPortrait UIInterfaceOrientationLandscapeLeft UIInterfaceOrientationLandscapeRight";
				LD_RUNPATH_SEARCH_PATHS = (
					"$(inherited)",
					"@executable_path/Frameworks",
				);
				MARKETING_VERSION = 1.0;
				PRODUCT_BUNDLE_IDENTIFIER = com.artkamadi.iVictory;
				PRODUCT_NAME = "$(TARGET_NAME)";
				SWIFT_EMIT_LOC_STRINGS = YES;
				SWIFT_VERSION = 5.0;
				TARGETED_DEVICE_FAMILY = "1,2";
			};
			name = Release;
		};
/* End XCBuildConfiguration section */

/* Begin XCConfigurationList section */
		81A909232C3AE40C0053BFC8 /* Build configuration list for PBXProject "iVictory" */ = {
			isa = XCConfigurationList;
			buildConfigurations = (
				81A909342C3AE40E0053BFC8 /* Debug */,
				81A909352C3AE40E0053BFC8 /* Release */,
			);
			defaultConfigurationIsVisible = 0;
			defaultConfigurationName = Release;
		};
		81A909362C3AE40E0053BFC8 /* Build configuration list for PBXNativeTarget "iVictory" */ = {
			isa = XCConfigurationList;
			buildConfigurations = (
				81A909372C3AE40E0053BFC8 /* Debug */,
				81A909382C3AE40E0053BFC8 /* Release */,
			);
			defaultConfigurationIsVisible = 0;
			defaultConfigurationName = Release;
		};
/* End XCConfigurationList section */

/* Begin XCRemoteSwiftPackageReference section */
		81A9093B2C3AE7C30053BFC8 /* XCRemoteSwiftPackageReference "firebase-ios-sdk" */ = {
			isa = XCRemoteSwiftPackageReference;
			repositoryURL = "https://github.com/firebase/firebase-ios-sdk";
			requirement = {
				kind = upToNextMajorVersion;
				minimumVersion = 10.28.1;
			};
		};
/* End XCRemoteSwiftPackageReference section */

/* Begin XCSwiftPackageProductDependency section */
		81A9093C2C3AE7C30053BFC8 /* FirebaseAuth */ = {
			isa = XCSwiftPackageProductDependency;
			package = 81A9093B2C3AE7C30053BFC8 /* XCRemoteSwiftPackageReference "firebase-ios-sdk" */;
			productName = FirebaseAuth;
		};
		81A9093E2C3AE7C30053BFC8 /* FirebaseFirestore */ = {
			isa = XCSwiftPackageProductDependency;
			package = 81A9093B2C3AE7C30053BFC8 /* XCRemoteSwiftPackageReference "firebase-ios-sdk" */;
			productName = FirebaseFirestore;
		};
		81A909402C3AE7C30053BFC8 /* FirebaseFirestoreSwift */ = {
			isa = XCSwiftPackageProductDependency;
			package = 81A9093B2C3AE7C30053BFC8 /* XCRemoteSwiftPackageReference "firebase-ios-sdk" */;
			productName = FirebaseFirestoreSwift;
		};
		81A909422C3AE7C30053BFC8 /* FirebaseStorage */ = {
			isa = XCSwiftPackageProductDependency;
			package = 81A9093B2C3AE7C30053BFC8 /* XCRemoteSwiftPackageReference "firebase-ios-sdk" */;
			productName = FirebaseStorage;
		};
/* End XCSwiftPackageProductDependency section */
	};
	rootObject = 81A909202C3AE40C0053BFC8 /* Project object */;
}
